// !$*UTF8*$!
{
	archiveVersion = 1;
	classes = {
	};
	objectVersion = 56;
	objects = {

/* Begin PBXBuildFile section */
		AFBFD99B2BEEFE4500923A7A /* Lesson6AssignmentUsingAPageControllerApp.swift in Sources */ = {isa = PBXBuildFile; fileRef = AFBFD99A2BEEFE4500923A7A /* Lesson6AssignmentUsingAPageControllerApp.swift */; };
		AFBFD99D2BEEFE4500923A7A /* ContentView.swift in Sources */ = {isa = PBXBuildFile; fileRef = AFBFD99C2BEEFE4500923A7A /* ContentView.swift */; };
		AFBFD99F2BEEFE4600923A7A /* Assets.xcassets in Resources */ = {isa = PBXBuildFile; fileRef = AFBFD99E2BEEFE4600923A7A /* Assets.xcassets */; };
		AFBFD9A22BEEFE4600923A7A /* Preview Assets.xcassets in Resources */ = {isa = PBXBuildFile; fileRef = AFBFD9A12BEEFE4600923A7A /* Preview Assets.xcassets */; };
		AFBFD9A92BEEFEA500923A7A /* FirstView.swift in Sources */ = {isa = PBXBuildFile; fileRef = AFBFD9A82BEEFEA500923A7A /* FirstView.swift */; };
		AFBFD9AB2BEEFFDC00923A7A /* SecondView.swift in Sources */ = {isa = PBXBuildFile; fileRef = AFBFD9AA2BEEFFDC00923A7A /* SecondView.swift */; };
		AFBFD9AD2BEEFFFB00923A7A /* ThirdView.swift in Sources */ = {isa = PBXBuildFile; fileRef = AFBFD9AC2BEEFFFB00923A7A /* ThirdView.swift */; };
/* End PBXBuildFile section */

/* Begin PBXFileReference section */
		AFBFD9972BEEFE4500923A7A /* Lesson6AssignmentUsingAPageController.app */ = {isa = PBXFileReference; explicitFileType = wrapper.application; includeInIndex = 0; path = Lesson6AssignmentUsingAPageController.app; sourceTree = BUILT_PRODUCTS_DIR; };
		AFBFD99A2BEEFE4500923A7A /* Lesson6AssignmentUsingAPageControllerApp.swift */ = {isa = PBXFileReference; lastKnownFileType = sourcecode.swift; path = Lesson6AssignmentUsingAPageControllerApp.swift; sourceTree = "<group>"; };
		AFBFD99C2BEEFE4500923A7A /* ContentView.swift */ = {isa = PBXFileReference; lastKnownFileType = sourcecode.swift; path = ContentView.swift; sourceTree = "<group>"; };
		AFBFD99E2BEEFE4600923A7A /* Assets.xcassets */ = {isa = PBXFileReference; lastKnownFileType = folder.assetcatalog; path = Assets.xcassets; sourceTree = "<group>"; };
		AFBFD9A12BEEFE4600923A7A /* Preview Assets.xcassets */ = {isa = PBXFileReference; lastKnownFileType = folder.assetcatalog; path = "Preview Assets.xcassets"; sourceTree = "<group>"; };
		AFBFD9A82BEEFEA500923A7A /* FirstView.swift */ = {isa = PBXFileReference; lastKnownFileType = sourcecode.swift; path = FirstView.swift; sourceTree = "<group>"; };
		AFBFD9AA2BEEFFDC00923A7A /* SecondView.swift */ = {isa = PBXFileReference; lastKnownFileType = sourcecode.swift; path = SecondView.swift; sourceTree = "<group>"; };
		AFBFD9AC2BEEFFFB00923A7A /* ThirdView.swift */ = {isa = PBXFileReference; lastKnownFileType = sourcecode.swift; path = ThirdView.swift; sourceTree = "<group>"; };
/* End PBXFileReference section */

/* Begin PBXFrameworksBuildPhase section */
		AFBFD9942BEEFE4500923A7A /* Frameworks */ = {
			isa = PBXFrameworksBuildPhase;
			buildActionMask = 2147483647;
			files = (
			);
			runOnlyForDeploymentPostprocessing = 0;
		};
/* End PBXFrameworksBuildPhase section */

/* Begin PBXGroup section */
		AFBFD98E2BEEFE4500923A7A = {
			isa = PBXGroup;
			children = (
				AFBFD9992BEEFE4500923A7A /* Lesson6AssignmentUsingAPageController */,
				AFBFD9982BEEFE4500923A7A /* Products */,
			);
			sourceTree = "<group>";
		};
		AFBFD9982BEEFE4500923A7A /* Products */ = {
			isa = PBXGroup;
			children = (
				AFBFD9972BEEFE4500923A7A /* Lesson6AssignmentUsingAPageController.app */,
			);
			name = Products;
			sourceTree = "<group>";
		};
		AFBFD9992BEEFE4500923A7A /* Lesson6AssignmentUsingAPageController */ = {
			isa = PBXGroup;
			children = (
				AFBFD99A2BEEFE4500923A7A /* Lesson6AssignmentUsingAPageControllerApp.swift */,
				AFBFD99C2BEEFE4500923A7A /* ContentView.swift */,
				AFBFD9A82BEEFEA500923A7A /* FirstView.swift */,
				AFBFD9AA2BEEFFDC00923A7A /* SecondView.swift */,
				AFBFD9AC2BEEFFFB00923A7A /* ThirdView.swift */,
				AFBFD99E2BEEFE4600923A7A /* Assets.xcassets */,
				AFBFD9A02BEEFE4600923A7A /* Preview Content */,
			);
			path = Lesson6AssignmentUsingAPageController;
			sourceTree = "<group>";
		};
		AFBFD9A02BEEFE4600923A7A /* Preview Content */ = {
			isa = PBXGroup;
			children = (
				AFBFD9A12BEEFE4600923A7A /* Preview Assets.xcassets */,
			);
			path = "Preview Content";
			sourceTree = "<group>";
		};
/* End PBXGroup section */

/* Begin PBXNativeTarget section */
		AFBFD9962BEEFE4500923A7A /* Lesson6AssignmentUsingAPageController */ = {
			isa = PBXNativeTarget;
			buildConfigurationList = AFBFD9A52BEEFE4600923A7A /* Build configuration list for PBXNativeTarget "Lesson6AssignmentUsingAPageController" */;
			buildPhases = (
				AFBFD9932BEEFE4500923A7A /* Sources */,
				AFBFD9942BEEFE4500923A7A /* Frameworks */,
				AFBFD9952BEEFE4500923A7A /* Resources */,
			);
			buildRules = (
			);
			dependencies = (
			);
			name = Lesson6AssignmentUsingAPageController;
			productName = Lesson6AssignmentUsingAPageController;
			productReference = AFBFD9972BEEFE4500923A7A /* Lesson6AssignmentUsingAPageController.app */;
			productType = "com.apple.product-type.application";
		};
/* End PBXNativeTarget section */

/* Begin PBXProject section */
		AFBFD98F2BEEFE4500923A7A /* Project object */ = {
			isa = PBXProject;
			attributes = {
				BuildIndependentTargetsInParallel = 1;
				LastSwiftUpdateCheck = 1530;
				LastUpgradeCheck = 1530;
				TargetAttributes = {
					AFBFD9962BEEFE4500923A7A = {
						CreatedOnToolsVersion = 15.3;
					};
				};
			};
			buildConfigurationList = AFBFD9922BEEFE4500923A7A /* Build configuration list for PBXProject "Lesson6AssignmentUsingAPageController" */;
			compatibilityVersion = "Xcode 14.0";
			developmentRegion = en;
			hasScannedForEncodings = 0;
			knownRegions = (
				en,
				Base,
			);
			mainGroup = AFBFD98E2BEEFE4500923A7A;
			productRefGroup = AFBFD9982BEEFE4500923A7A /* Products */;
			projectDirPath = "";
			projectRoot = "";
			targets = (
				AFBFD9962BEEFE4500923A7A /* Lesson6AssignmentUsingAPageController */,
			);
		};
/* End PBXProject section */

/* Begin PBXResourcesBuildPhase section */
		AFBFD9952BEEFE4500923A7A /* Resources */ = {
			isa = PBXResourcesBuildPhase;
			buildActionMask = 2147483647;
			files = (
				AFBFD9A22BEEFE4600923A7A /* Preview Assets.xcassets in Resources */,
				AFBFD99F2BEEFE4600923A7A /* Assets.xcassets in Resources */,
			);
			runOnlyForDeploymentPostprocessing = 0;
		};
/* End PBXResourcesBuildPhase section */

/* Begin PBXSourcesBuildPhase section */
		AFBFD9932BEEFE4500923A7A /* Sources */ = {
			isa = PBXSourcesBuildPhase;
			buildActionMask = 2147483647;
			files = (
				AFBFD99D2BEEFE4500923A7A /* ContentView.swift in Sources */,
				AFBFD9AD2BEEFFFB00923A7A /* ThirdView.swift in Sources */,
				AFBFD9A92BEEFEA500923A7A /* FirstView.swift in Sources */,
				AFBFD9AB2BEEFFDC00923A7A /* SecondView.swift in Sources */,
				AFBFD99B2BEEFE4500923A7A /* Lesson6AssignmentUsingAPageControllerApp.swift in Sources */,
			);
			runOnlyForDeploymentPostprocessing = 0;
		};
/* End PBXSourcesBuildPhase section */

/* Begin XCBuildConfiguration section */
		AFBFD9A32BEEFE4600923A7A /* Debug */ = {
			isa = XCBuildConfiguration;
			buildSettings = {
				ALWAYS_SEARCH_USER_PATHS = NO;
				ASSETCATALOG_COMPILER_GENERATE_SWIFT_ASSET_SYMBOL_EXTENSIONS = YES;
				CLANG_ANALYZER_NONNULL = YES;
				CLANG_ANALYZER_NUMBER_OBJECT_CONVERSION = YES_AGGRESSIVE;
				CLANG_CXX_LANGUAGE_STANDARD = "gnu++20";
				CLANG_ENABLE_MODULES = YES;
				CLANG_ENABLE_OBJC_ARC = YES;
				CLANG_ENABLE_OBJC_WEAK = YES;
				CLANG_WARN_BLOCK_CAPTURE_AUTORELEASING = YES;
				CLANG_WARN_BOOL_CONVERSION = YES;
				CLANG_WARN_COMMA = YES;
				CLANG_WARN_CONSTANT_CONVERSION = YES;
				CLANG_WARN_DEPRECATED_OBJC_IMPLEMENTATIONS = YES;
				CLANG_WARN_DIRECT_OBJC_ISA_USAGE = YES_ERROR;
				CLANG_WARN_DOCUMENTATION_COMMENTS = YES;
				CLANG_WARN_EMPTY_BODY = YES;
				CLANG_WARN_ENUM_CONVERSION = YES;
				CLANG_WARN_INFINITE_RECURSION = YES;
				CLANG_WARN_INT_CONVERSION = YES;
				CLANG_WARN_NON_LITERAL_NULL_CONVERSION = YES;
				CLANG_WARN_OBJC_IMPLICIT_RETAIN_SELF = YES;
				CLANG_WARN_OBJC_LITERAL_CONVERSION = YES;
				CLANG_WARN_OBJC_ROOT_CLASS = YES_ERROR;
				CLANG_WARN_QUOTED_INCLUDE_IN_FRAMEWORK_HEADER = YES;
				CLANG_WARN_RANGE_LOOP_ANALYSIS = YES;
				CLANG_WARN_STRICT_PROTOTYPES = YES;
				CLANG_WARN_SUSPICIOUS_MOVE = YES;
				CLANG_WARN_UNGUARDED_AVAILABILITY = YES_AGGRESSIVE;
				CLANG_WARN_UNREACHABLE_CODE = YES;
				CLANG_WARN__DUPLICATE_METHOD_MATCH = YES;
				COPY_PHASE_STRIP = NO;
				DEBUG_INFORMATION_FORMAT = dwarf;
				ENABLE_STRICT_OBJC_MSGSEND = YES;
				ENABLE_TESTABILITY = YES;
				ENABLE_USER_SCRIPT_SANDBOXING = YES;
				GCC_C_LANGUAGE_STANDARD = gnu17;
				GCC_DYNAMIC_NO_PIC = NO;
				GCC_NO_COMMON_BLOCKS = YES;
				GCC_OPTIMIZATION_LEVEL = 0;
				GCC_PREPROCESSOR_DEFINITIONS = (
					"DEBUG=1",
					"$(inherited)",
				);
				GCC_WARN_64_TO_32_BIT_CONVERSION = YES;
				GCC_WARN_ABOUT_RETURN_TYPE = YES_ERROR;
				GCC_WARN_UNDECLARED_SELECTOR = YES;
				GCC_WARN_UNINITIALIZED_AUTOS = YES_AGGRESSIVE;
				GCC_WARN_UNUSED_FUNCTION = YES;
				GCC_WARN_UNUSED_VARIABLE = YES;
				IPHONEOS_DEPLOYMENT_TARGET = 17.4;
				LOCALIZATION_PREFERS_STRING_CATALOGS = YES;
				MTL_ENABLE_DEBUG_INFO = INCLUDE_SOURCE;
				MTL_FAST_MATH = YES;
				ONLY_ACTIVE_ARCH = YES;
				SDKROOT = iphoneos;
				SWIFT_ACTIVE_COMPILATION_CONDITIONS = "DEBUG $(inherited)";
				SWIFT_OPTIMIZATION_LEVEL = "-Onone";
			};
			name = Debug;
		};
		AFBFD9A42BEEFE4600923A7A /* Release */ = {
			isa = XCBuildConfiguration;
			buildSettings = {
				ALWAYS_SEARCH_USER_PATHS = NO;
				ASSETCATALOG_COMPILER_GENERATE_SWIFT_ASSET_SYMBOL_EXTENSIONS = YES;
				CLANG_ANALYZER_NONNULL = YES;
				CLANG_ANALYZER_NUMBER_OBJECT_CONVERSION = YES_AGGRESSIVE;
				CLANG_CXX_LANGUAGE_STANDARD = "gnu++20";
				CLANG_ENABLE_MODULES = YES;
				CLANG_ENABLE_OBJC_ARC = YES;
				CLANG_ENABLE_OBJC_WEAK = YES;
				CLANG_WARN_BLOCK_CAPTURE_AUTORELEASING = YES;
				CLANG_WARN_BOOL_CONVERSION = YES;
				CLANG_WARN_COMMA = YES;
				CLANG_WARN_CONSTANT_CONVERSION = YES;
				CLANG_WARN_DEPRECATED_OBJC_IMPLEMENTATIONS = YES;
				CLANG_WARN_DIRECT_OBJC_ISA_USAGE = YES_ERROR;
				CLANG_WARN_DOCUMENTATION_COMMENTS = YES;
				CLANG_WARN_EMPTY_BODY = YES;
				CLANG_WARN_ENUM_CONVERSION = YES;
				CLANG_WARN_INFINITE_RECURSION = YES;
				CLANG_WARN_INT_CONVERSION = YES;
				CLANG_WARN_NON_LITERAL_NULL_CONVERSION = YES;
				CLANG_WARN_OBJC_IMPLICIT_RETAIN_SELF = YES;
				CLANG_WARN_OBJC_LITERAL_CONVERSION = YES;
				CLANG_WARN_OBJC_ROOT_CLASS = YES_ERROR;
				CLANG_WARN_QUOTED_INCLUDE_IN_FRAMEWORK_HEADER = YES;
				CLANG_WARN_RANGE_LOOP_ANALYSIS = YES;
				CLANG_WARN_STRICT_PROTOTYPES = YES;
				CLANG_WARN_SUSPICIOUS_MOVE = YES;
				CLANG_WARN_UNGUARDED_AVAILABILITY = YES_AGGRESSIVE;
				CLANG_WARN_UNREACHABLE_CODE = YES;
				CLANG_WARN__DUPLICATE_METHOD_MATCH = YES;
				COPY_PHASE_STRIP = NO;
				DEBUG_INFORMATION_FORMAT = "dwarf-with-dsym";
				ENABLE_NS_ASSERTIONS = NO;
				ENABLE_STRICT_OBJC_MSGSEND = YES;
				ENABLE_USER_SCRIPT_SANDBOXING = YES;
				GCC_C_LANGUAGE_STANDARD = gnu17;
				GCC_NO_COMMON_BLOCKS = YES;
				GCC_WARN_64_TO_32_BIT_CONVERSION = YES;
				GCC_WARN_ABOUT_RETURN_TYPE = YES_ERROR;
				GCC_WARN_UNDECLARED_SELECTOR = YES;
				GCC_WARN_UNINITIALIZED_AUTOS = YES_AGGRESSIVE;
				GCC_WARN_UNUSED_FUNCTION = YES;
				GCC_WARN_UNUSED_VARIABLE = YES;
				IPHONEOS_DEPLOYMENT_TARGET = 17.4;
				LOCALIZATION_PREFERS_STRING_CATALOGS = YES;
				MTL_ENABLE_DEBUG_INFO = NO;
				MTL_FAST_MATH = YES;
				SDKROOT = iphoneos;
				SWIFT_COMPILATION_MODE = wholemodule;
				VALIDATE_PRODUCT = YES;
			};
			name = Release;
		};
		AFBFD9A62BEEFE4600923A7A /* Debug */ = {
			isa = XCBuildConfiguration;
			buildSettings = {
				ASSETCATALOG_COMPILER_APPICON_NAME = AppIcon;
				ASSETCATALOG_COMPILER_GLOBAL_ACCENT_COLOR_NAME = AccentColor;
				CODE_SIGN_STYLE = Automatic;
				CURRENT_PROJECT_VERSION = 1;
				DEVELOPMENT_ASSET_PATHS = "\"Lesson6AssignmentUsingAPageController/Preview Content\"";
				DEVELOPMENT_TEAM = 2UYY48S9AB;
				ENABLE_PREVIEWS = YES;
				GENERATE_INFOPLIST_FILE = YES;
				INFOPLIST_KEY_UIApplicationSceneManifest_Generation = YES;
				INFOPLIST_KEY_UIApplicationSupportsIndirectInputEvents = YES;
				INFOPLIST_KEY_UILaunchScreen_Generation = YES;
				INFOPLIST_KEY_UISupportedInterfaceOrientations_iPad = "UIInterfaceOrientationPortrait UIInterfaceOrientationPortraitUpsideDown UIInterfaceOrientationLandscapeLeft UIInterfaceOrientationLandscapeRight";
				INFOPLIST_KEY_UISupportedInterfaceOrientations_iPhone = "UIInterfaceOrientationPortrait UIInterfaceOrientationLandscapeLeft UIInterfaceOrientationLandscapeRight";
				LD_RUNPATH_SEARCH_PATHS = (
					"$(inherited)",
					"@executable_path/Frameworks",
				);
				MARKETING_VERSION = 1.0;
				PRODUCT_BUNDLE_IDENTIFIER = com.example.Lesson6AssignmentUsingAPageController;
				PRODUCT_NAME = "$(TARGET_NAME)";
				SWIFT_EMIT_LOC_STRINGS = YES;
				SWIFT_VERSION = 5.0;
				TARGETED_DEVICE_FAMILY = "1,2";
			};
			name = Debug;
		};
		AFBFD9A72BEEFE4600923A7A /* Release */ = {
			isa = XCBuildConfiguration;
			buildSettings = {
				ASSETCATALOG_COMPILER_APPICON_NAME = AppIcon;
				ASSETCATALOG_COMPILER_GLOBAL_ACCENT_COLOR_NAME = AccentColor;
				CODE_SIGN_STYLE = Automatic;
				CURRENT_PROJECT_VERSION = 1;
				DEVELOPMENT_ASSET_PATHS = "\"Lesson6AssignmentUsingAPageController/Preview Content\"";
				DEVELOPMENT_TEAM = 2UYY48S9AB;
				ENABLE_PREVIEWS = YES;
				GENERATE_INFOPLIST_FILE = YES;
				INFOPLIST_KEY_UIApplicationSceneManifest_Generation = YES;
				INFOPLIST_KEY_UIApplicationSupportsIndirectInputEvents = YES;
				INFOPLIST_KEY_UILaunchScreen_Generation = YES;
				INFOPLIST_KEY_UISupportedInterfaceOrientations_iPad = "UIInterfaceOrientationPortrait UIInterfaceOrientationPortraitUpsideDown UIInterfaceOrientationLandscapeLeft UIInterfaceOrientationLandscapeRight";
				INFOPLIST_KEY_UISupportedInterfaceOrientations_iPhone = "UIInterfaceOrientationPortrait UIInterfaceOrientationLandscapeLeft UIInterfaceOrientationLandscapeRight";
				LD_RUNPATH_SEARCH_PATHS = (
					"$(inherited)",
					"@executable_path/Frameworks",
				);
				MARKETING_VERSION = 1.0;
				PRODUCT_BUNDLE_IDENTIFIER = com.example.Lesson6AssignmentUsingAPageController;
				PRODUCT_NAME = "$(TARGET_NAME)";
				SWIFT_EMIT_LOC_STRINGS = YES;
				SWIFT_VERSION = 5.0;
				TARGETED_DEVICE_FAMILY = "1,2";
			};
			name = Release;
		};
/* End XCBuildConfiguration section */

/* Begin XCConfigurationList section */
		AFBFD9922BEEFE4500923A7A /* Build configuration list for PBXProject "Lesson6AssignmentUsingAPageController" */ = {
			isa = XCConfigurationList;
			buildConfigurations = (
				AFBFD9A32BEEFE4600923A7A /* Debug */,
				AFBFD9A42BEEFE4600923A7A /* Release */,
			);
			defaultConfigurationIsVisible = 0;
			defaultConfigurationName = Release;
		};
		AFBFD9A52BEEFE4600923A7A /* Build configuration list for PBXNativeTarget "Lesson6AssignmentUsingAPageController" */ = {
			isa = XCConfigurationList;
			buildConfigurations = (
				AFBFD9A62BEEFE4600923A7A /* Debug */,
				AFBFD9A72BEEFE4600923A7A /* Release */,
			);
			defaultConfigurationIsVisible = 0;
			defaultConfigurationName = Release;
		};
/* End XCConfigurationList section */
	};
	rootObject = AFBFD98F2BEEFE4500923A7A /* Project object */;
}
